{
  "name": "ecrypto",
  "version": "1.0.0",
  "lockfileVersion": 3,
  "requires": true,
  "packages": {
    "": {
      "name": "ecrypto",
      "version": "1.0.0",
      "hasInstallScript": true,
      "license": "MIT",
      "os": [
        "darwin",
        "linux",
        "win32"
      ],
      "bin": {
        "ecrypto": "bin/ecrypto.js"
      }
    }
  }
}
